dario.cat/mergo v1.0.1 h1:Ra4+bf83h2ztPIQYNP99R6m+Y7KfnARDfID+a+vLl4s=
dario.cat/mergo v1.0.1/go.mod h1:uNxQE+84aUszobStD9th8a29P2fMDhsBdgRYvZOxGmk=
github.com/Azure/azure-sdk-for-go/sdk/azcore v0.19.0/go.mod h1:h6H6c8enJmmocHUbLiiGY6sx7f9i+X3m1CHdd5c6Rdw=
github.com/Azure/azure-sdk-for-go/sdk/azidentity v0.11.0/go.mod h1:HcM1YX14R7CJcghJGOYCgdezslRSVzqwLf/q+4Y2r/0=
github.com/Azure/azure-sdk-for-go/sdk/internal v0.7.0/go.mod h1:yqy467j36fJxcRV2TzfVZ1pCb5vxm4BtZPUdYWe/Xo8=
github.com/Microsoft/go-winio v0.5.2/go.mod h1:WpS1mjBmmwHBEWmogvA2mj8546UReBk4v8QkMxJ6pZY=
github.com/Microsoft/go-winio v0.6.2 h1:F2VQgta7ecxGYO8k3ZZz3RS8fVIXVxONVUPlNERoyfY=
github.com/Microsoft/go-winio v0.6.2/go.mod h1:yd8OoFMLzJbo9gZq8j5qaps8bJ9aShtEA8Ipt1oGCvU=
github.com/ProtonMail/go-crypto v1.0.0 h1:LRuvITjQWX+WIfr930YHG2HNfjR1uOfyf5vE0kC2U78=
github.com/ProtonMail/go-crypto v1.0.0/go.mod h1:EjAoLdwvbIOoOQr3ihjnSoLZRtE8azugULFRteWMNc0=
github.com/ProtonMail/go-crypto v1.1.3 h1:nRBOetoydLeUb4nHajyO2bKqMLfWQ/ZPwkXqXxPxCFk=
github.com/ProtonMail/go-crypto v1.1.3/go.mod h1:rA3QumHc/FZ8pAHreoekgiAbzpNsfQAosU5td4SnOrE=
github.com/ProtonMail/go-crypto v1.1.5 h1:eoAQfK2dwL+tFSFpr7TbOaPNUbPiJj4fLYwwGE1FQO4=
github.com/ProtonMail/go-crypto v1.1.5/go.mod h1:rA3QumHc/FZ8pAHreoekgiAbzpNsfQAosU5td4SnOrE=
github.com/anmitsu/go-shlex v0.0.0-20200514113438-38f4b401e2be h1:9AeTilPcZAjCFIImctFaOjnTIavg87rW78vTPkQqLI8=
github.com/anmitsu/go-shlex v0.0.0-20200514113438-38f4b401e2be/go.mod h1:ySMOLuWl6zY27l47sB3qLNK6tF2fkHG55UZxx8oIVo4=
github.com/armon/go-socks5 v0.0.0-20160902184237-e75332964ef5 h1:0CwZNZbxp69SHPdPJAN/hZIm0C4OItdklCFmMRWYpio=
github.com/armon/go-socks5 v0.0.0-20160902184237-e75332964ef5/go.mod h1:wHh0iHkYZB8zMSxRWpUBQtwG5a7fFgvEO+odwuTv2gs=
github.com/bwesterb/go-ristretto v1.2.3/go.mod h1:fUIoIZaG73pV5biE2Blr2xEzDoMj7NFEuV9ekS419A0=
github.com/cloudflare/circl v1.3.3/go.mod h1:5XYMA4rFBvNIrhs50XuiBJ15vF2pZn4nnUKZrLbUZFA=
github.com/cloudflare/circl v1.3.9 h1:QFrlgFYf2Qpi8bSpVPK1HBvWpx16v/1TZivyo7pGuBE=
github.com/cloudflare/circl v1.3.9/go.mod h1:PDRU+oXvdD7KCtgKxW95M5Z8BpSCJXQORiZFnBQS5QU=
github.com/cloudflare/circl v1.6.0 h1:cr5JKic4HI+LkINy2lg3W2jF8sHCVTBncJr5gIIq7qk=
github.com/cloudflare/circl v1.6.0/go.mod h1:uddAzsPgqdMAYatqJ0lsjX1oECcQLIlRpzZh3pJrofs=
github.com/crediterra/money v0.3.0 h1:dHWEZhkMGGxkHTAbGQOaeg8eYbL8qJSCgcqdOTbNg20=
github.com/crediterra/money v0.3.0/go.mod h1:0BT7dzPk4Wv+Wi8J6sxlFbCknYioLWVVQM4ciMJh6TI=
github.com/cyphar/filepath-securejoin v0.3.1 h1:1V7cHiaW+C+39wEfpH6XlLBQo3j/PciWFrgfCLS8XrE=
github.com/cyphar/filepath-securejoin v0.3.1/go.mod h1:F7i41x/9cBF7lzCrVsYs9fuzwRZm4NQsGTBdpp6mETc=
github.com/cyphar/filepath-securejoin v0.3.6 h1:4d9N5ykBnSp5Xn2JkhocYDkOpURL/18CYMpo6xB9uWM=
github.com/cyphar/filepath-securejoin v0.3.6/go.mod h1:Sdj7gXlvMcPZsbhwhQ33GguGLDGQL7h7bg04C/+u9jI=
github.com/cyphar/filepath-securejoin v0.4.1 h1:JyxxyPEaktOD+GAnqIqTf9A8tHyAG22rowi7HkoSU1s=
github.com/cyphar/filepath-securejoin v0.4.1/go.mod h1:Sdj7gXlvMcPZsbhwhQ33GguGLDGQL7h7bg04C/+u9jI=
github.com/dal-go/dalgo v0.12.1 h1:3W95xOSC7CLgH3OQppNOWoIaMkon8GlQmgYxxO5qnvs=
github.com/dal-go/dalgo v0.12.1/go.mod h1:gzBMQn5sfUcHcx+7FNpO+FQz7guT/AAYgzXM4300rAY=
github.com/dal-go/dalgo v0.12.2 h1:OmiC6TRuBbV8zDHScdkUMlwViB6ORgLm6Tfd9bHDBAo=
github.com/dal-go/dalgo v0.12.2/go.mod h1:lY3vCOnl9bI8c82reF+kQNpKvSklgoFImGGmNgkFHls=
github.com/dal-go/dalgo v0.13.1 h1:vRV4dGpBKaRYteJRIbDTh+7lqS/7Gs8ns3ij3jEy/Ug=
github.com/dal-go/dalgo v0.13.1/go.mod h1:tErF10bqQiNrwJQ5qwL3kwoaUa6dDq4z3X3pdChr3Ms=
github.com/dal-go/dalgo v0.13.2 h1:q1NKsfn9vX90ugMyFp+yNVUyS4ykD/sjXpXibyx1Fb8=
github.com/dal-go/dalgo v0.13.2/go.mod h1:tErF10bqQiNrwJQ5qwL3kwoaUa6dDq4z3X3pdChr3Ms=
github.com/dal-go/dalgo v0.14.0 h1:XhEmNfbCtV5ISxzFBE/Bk7W8OpWePYRmlvlJ/8Jk+dQ=
github.com/dal-go/dalgo v0.14.0/go.mod h1:tErF10bqQiNrwJQ5qwL3kwoaUa6dDq4z3X3pdChr3Ms=
github.com/dal-go/dalgo v0.14.1 h1:AMSPsFjFH4iZ1JegHdBeouzpZ4frsLnsHxBSaV+8Wgs=
github.com/dal-go/dalgo v0.14.1/go.mod h1:BoMNGwDE9FdjynV7xCn5f/GdVJxvfePwjsMldn+BhqA=
github.com/dal-go/dalgo v0.14.2 h1:e7T9D2Hiv9ryMWTdJd9OmnM2ilfsX3dxQOU6wbskDqc=
github.com/dal-go/dalgo v0.14.2/go.mod h1:BoMNGwDE9FdjynV7xCn5f/GdVJxvfePwjsMldn+BhqA=
github.com/dal-go/dalgo v0.16.1 h1:cr1CefLIEH/Q1jIJuygv5sh02CDKKAqHXDNPOsUUSwE=
github.com/dal-go/dalgo v0.16.1/go.mod h1:BoMNGwDE9FdjynV7xCn5f/GdVJxvfePwjsMldn+BhqA=
github.com/dal-go/dalgo v0.18.0 h1:GAl+WiRg7J2Y3SWaKI12+PgKebA6Z2dZGXyZ3NPktI4=
github.com/dal-go/dalgo v0.18.0/go.mod h1:BoMNGwDE9FdjynV7xCn5f/GdVJxvfePwjsMldn+BhqA=
github.com/dal-go/dalgo v0.18.1 h1:QV4xkjEE5I5PS6ZTKINQhU3+J5loKiCkj/vUmF+8Hd8=
github.com/dal-go/dalgo v0.18.1/go.mod h1:BoMNGwDE9FdjynV7xCn5f/GdVJxvfePwjsMldn+BhqA=
github.com/datatug/sql2csv v0.0.0-20200927071952-a7fb986d1ec2 h1:9iN4YNV3PIGMU7Wh4hU0AjuI/mMwgbVXaV4YqHoE0ZU=
github.com/datatug/sql2csv v0.0.0-20200927071952-a7fb986d1ec2/go.mod h1:8mhg6DTTobWkm+Xfyts3nwJ7ZmxWMWWboguVH1INkc8=
github.com/davecgh/go-spew v1.1.0/go.mod h1:J7Y8YcW2NihsgmVo/mv3lAwl/skON4iLHjSsI+c5H38=
github.com/davecgh/go-spew v1.1.1 h1:vj9j/u1bqnvCEfJOwUhtlOARqs3+rkHYY13jYWTU97c=
github.com/davecgh/go-spew v1.1.1/go.mod h1:J7Y8YcW2NihsgmVo/mv3lAwl/skON4iLHjSsI+c5H38=
github.com/denisenkom/go-mssqldb v0.12.3 h1:pBSGx9Tq67pBOTLmxNuirNTeB8Vjmf886Kx+8Y+8shw=
github.com/denisenkom/go-mssqldb v0.12.3/go.mod h1:k0mtMFOnU+AihqFxPMiF05rtiDrorD1Vrm1KEz5hxDo=
github.com/dnaeon/go-vcr v1.2.0/go.mod h1:R4UdLID7HZT3taECzJs4YgbbH6PIGXB6W/sc5OLb6RQ=
github.com/elazarl/goproxy v0.0.0-20230808193330-2592e75ae04a h1:mATvB/9r/3gvcejNsXKSkQ6lcIaNec2nyfOdlTBR2lU=
github.com/elazarl/goproxy v0.0.0-20230808193330-2592e75ae04a/go.mod h1:Ro8st/ElPeALwNFlcTpWmkr6IoMFfkjXAvTHpevnDsM=
github.com/emirpasic/gods v1.18.1 h1:FXtiHYKDGKCW2KzwZKx0iC0PQmdlorYgdFG9jPXJ1Bc=
github.com/emirpasic/gods v1.18.1/go.mod h1:8tpGGwCnJ5H4r6BWwaV6OrWmMoPhUl5jm/FMNAnJvWQ=
github.com/fatih/color v1.17.0 h1:GlRw1BRJxkpqUCBKzKOw098ed57fEsKeNjpTe3cSjK4=
github.com/fatih/color v1.17.0/go.mod h1:YZ7TlrGPkiz6ku9fK3TLD/pl3CpsiFyu8N92HLgmosI=
github.com/gdamore/encoding v1.0.0/go.mod h1:alR0ol34c49FCSBLjhosxzcPHQbf2trDkoo5dl+VrEg=
github.com/gdamore/encoding v1.0.1 h1:YzKZckdBL6jVt2Gc+5p82qhrGiqMdG/eNs6Wy0u3Uhw=
github.com/gdamore/encoding v1.0.1/go.mod h1:0Z0cMFinngz9kS1QfMjCP8TY7em3bZYeeklsSDPivEo=
github.com/gdamore/tcell/v2 v2.7.4 h1:sg6/UnTM9jGpZU+oFYAsDahfchWAFW8Xx2yFinNSAYU=
github.com/gdamore/tcell/v2 v2.7.4/go.mod h1:dSXtXTSK0VsW1biw65DZLZ2NKr7j0qP/0J7ONmsraWg=
github.com/gdamore/tcell/v2 v2.8.0 h1:IDclow1j6kKpU/gOhjmc+7Pj5Dxnukb74pfKN4Cxrfg=
github.com/gdamore/tcell/v2 v2.8.0/go.mod h1:bj8ori1BG3OYMjmb3IklZVWfZUJ1UBQt9JXrOCOhGWw=
github.com/gdamore/tcell/v2 v2.8.1 h1:KPNxyqclpWpWQlPLx6Xui1pMk8S+7+R37h3g07997NU=
github.com/gdamore/tcell/v2 v2.8.1/go.mod h1:bj8ori1BG3OYMjmb3IklZVWfZUJ1UBQt9JXrOCOhGWw=
github.com/gliderlabs/ssh v0.3.7 h1:iV3Bqi942d9huXnzEF2Mt+CY9gLu8DNM4Obd+8bODRE=
github.com/gliderlabs/ssh v0.3.7/go.mod h1:zpHEXBstFnQYtGnB8k8kQLol82umzn/2/snG7alWVD8=
github.com/go-git/gcfg v1.5.1-0.20230307220236-3a3c6141e376 h1:+zs/tPmkDkHx3U66DAb0lQFJrpS6731Oaa12ikc+DiI=
github.com/go-git/gcfg v1.5.1-0.20230307220236-3a3c6141e376/go.mod h1:an3vInlBmSxCcxctByoQdvwPiA7DTK7jaaFDBTtu0ic=
github.com/go-git/go-billy/v5 v5.5.0 h1:yEY4yhzCDuMGSv83oGxiBotRzhwhNr8VZyphhiu+mTU=
github.com/go-git/go-billy/v5 v5.5.0/go.mod h1:hmexnoNsr2SJU1Ju67OaNz5ASJY3+sHgFRpCtpDCKow=
github.com/go-git/go-billy/v5 v5.6.0 h1:w2hPNtoehvJIxR00Vb4xX94qHQi/ApZfX+nBE2Cjio8=
github.com/go-git/go-billy/v5 v5.6.0/go.mod h1:sFDq7xD3fn3E0GOwUSZqHo9lrkmx8xJhA0ZrfvjBRGM=
github.com/go-git/go-billy/v5 v5.6.1 h1:u+dcrgaguSSkbjzHwelEjc0Yj300NUevrrPphk/SoRA=
github.com/go-git/go-billy/v5 v5.6.1/go.mod h1:0AsLr1z2+Uksi4NlElmMblP5rPcDZNRCD8ujZCRR2BE=
github.com/go-git/go-billy/v5 v5.6.2 h1:6Q86EsPXMa7c3YZ3aLAQsMA0VlWmy43r6FHqa/UNbRM=
github.com/go-git/go-billy/v5 v5.6.2/go.mod h1:rcFC2rAsp/erv7CMz9GczHcuD0D32fWzH+MJAU+jaUU=
github.com/go-git/go-git-fixtures/v4 v4.3.2-0.20231010084843-55a94097c399 h1:eMje31YglSBqCdIqdhKBW8lokaMrL3uTkpGYlE2OOT4=
github.com/go-git/go-git-fixtures/v4 v4.3.2-0.20231010084843-55a94097c399/go.mod h1:1OCfN199q1Jm3HZlxleg+Dw/mwps2Wbk9frAWm+4FII=
github.com/go-git/go-git/v5 v5.12.0 h1:7Md+ndsjrzZxbddRDZjF14qK+NN56sy6wkqaVrjZtys=
github.com/go-git/go-git/v5 v5.12.0/go.mod h1:FTM9VKtnI2m65hNI/TenDDDnUf2Q9FHnXYjuz9i5OEY=
github.com/go-git/go-git/v5 v5.13.0 h1:vLn5wlGIh/X78El6r3Jr+30W16Blk0CTcxTYcYPWi5E=
github.com/go-git/go-git/v5 v5.13.0/go.mod h1:Wjo7/JyVKtQgUNdXYXIepzWfJQkUEIGvkvVkiXRR/zw=
github.com/go-git/go-git/v5 v5.13.1 h1:DAQ9APonnlvSWpvolXWIuV6Q6zXy2wHbN4cVlNR5Q+M=
github.com/go-git/go-git/v5 v5.13.1/go.mod h1:qryJB4cSBoq3FRoBRf5A77joojuBcmPJ0qu3XXXVixc=
github.com/go-git/go-git/v5 v5.13.2 h1:7O7xvsK7K+rZPKW6AQR1YyNhfywkv7B8/FsP3ki6Zv0=
github.com/go-git/go-git/v5 v5.13.2/go.mod h1:hWdW5P4YZRjmpGHwRH2v3zkWcNl6HeXaXQEMGb3NJ9A=
github.com/go-git/go-git/v5 v5.14.0 h1:/MD3lCrGjCen5WfEAzKg00MJJffKhC8gzS80ycmCi60=
github.com/go-git/go-git/v5 v5.14.0/go.mod h1:Z5Xhoia5PcWA3NF8vRLURn9E5FRhSl7dGj9ItW3Wk5k=
github.com/golang-sql/civil v0.0.0-20190719163853-cb61b32ac6fe/go.mod h1:8vg3r2VgvsThLBIFL93Qb5yWzgyZWhEmBwUJWevAkK0=
github.com/golang-sql/civil v0.0.0-20220223132316-b832511892a9 h1:au07oEsX2xN0ktxqI+Sida1w446QrXBRJ0nee3SNZlA=
github.com/golang-sql/civil v0.0.0-20220223132316-b832511892a9/go.mod h1:8vg3r2VgvsThLBIFL93Qb5yWzgyZWhEmBwUJWevAkK0=
github.com/golang-sql/sqlexp v0.1.0 h1:ZCD6MBpcuOVfGVqsEmY5/4FtYiKz6tSyUv9LPEDei6A=
github.com/golang-sql/sqlexp v0.1.0/go.mod h1:J4ad9Vo8ZCWQ2GMrC4UCQy1JpCbwU9m3EOqtpKwwwHI=
github.com/golang/groupcache v0.0.0-20210331224755-41bb18bfe9da h1:oI5xCqsCo564l8iNU+DwB5epxmsaqB+rhGL0m5jtYqE=
github.com/golang/groupcache v0.0.0-20210331224755-41bb18bfe9da/go.mod h1:cIg4eruTrX1D+g88fzRXU5OdNfaM+9IcxsU14FzY7Hc=
github.com/golang/groupcache v0.0.0-20241129210726-2c02b8208cf8 h1:f+oWsMOmNPc8JmEHVZIycC7hBoQxHH9pNKQORJNozsQ=
github.com/golang/groupcache v0.0.0-20241129210726-2c02b8208cf8/go.mod h1:wcDNUvekVysuuOpQKo3191zZyTpiI6se1N1ULghS0sw=
github.com/google/go-cmp v0.6.0 h1:ofyhxvXcZhMsU5ulbFiLKl/XBFqE1GSq7atu8tAmTRI=
github.com/google/go-cmp v0.6.0/go.mod h1:17dUlkBOakJ0+DkrSSNjCkIjxS6bF9zb3elmeNGIjoY=
github.com/google/uuid v1.1.2/go.mod h1:TIyPZe4MgqvfeYDBFedMoGGpEw/LqOeaOT+nhxU+yHo=
github.com/google/uuid v1.6.0 h1:NIvaJDMOsjHA8n1jAhLSgzrAzy1Hgr+hNrb57e+94F0=
github.com/google/uuid v1.6.0/go.mod h1:TIyPZe4MgqvfeYDBFedMoGGpEw/LqOeaOT+nhxU+yHo=
github.com/gosuri/uitable v0.0.4 h1:IG2xLKRvErL3uhY6e1BylFzG+aJiwQviDDTfOKeKTpY=
github.com/gosuri/uitable v0.0.4/go.mod h1:tKR86bXuXPZazfOTG1FIzvjIdXzd0mo4Vtn16vt0PJo=
github.com/jbenet/go-context v0.0.0-20150711004518-d14ea06fba99 h1:BQSFePA1RWJOlocH6Fxy8MmwDt+yVQYULKfN0RoTN8A=
github.com/jbenet/go-context v0.0.0-20150711004518-d14ea06fba99/go.mod h1:1lJo3i6rXxKeerYnT8Nvf0QmHCRC1n8sfWVwXF2Frvo=
github.com/jessevdk/go-flags v1.6.1 h1:Cvu5U8UGrLay1rZfv/zP7iLpSHGUZ/Ou68T0iX1bBK4=
github.com/jessevdk/go-flags v1.6.1/go.mod h1:Mk8T1hIAWpOiJiHa9rJASDK2UGWji0EuPGBnNLMooyc=
github.com/julienschmidt/httprouter v1.3.0 h1:U0609e9tgbseu3rBINet9P48AI/D3oJs4dN7jwJOQ1U=
github.com/julienschmidt/httprouter v1.3.0/go.mod h1:JR6WtHb+2LUe8TCKY3cZOxFyyO8IZAc4RVcycCCAKdM=
github.com/kevinburke/ssh_config v1.2.0 h1:x584FjTGwHzMwvHx18PXxbBVzfnxogHaAReU4gf13a4=
github.com/kevinburke/ssh_config v1.2.0/go.mod h1:CT57kijsi8u/K/BOFA39wgDQJ9CxiF4nAY/ojJ6r6mM=
github.com/kr/pretty v0.1.0/go.mod h1:dAy3ld7l9f0ibDNOQOHHMYYIIbhfbHSm3C4ZsoJORNo=
github.com/kr/pretty v0.3.1 h1:flRD4NNwYAUpkphVc1HcthR4KEIFJ65n8Mw5qdRn3LE=
github.com/kr/pretty v0.3.1/go.mod h1:hoEshYVHaxMs3cyo3Yncou5ZscifuDolrwPKZanG3xk=
github.com/kr/pty v1.1.1/go.mod h1:pFQYn66WHrOpPYNljwOMqo10TkYh1fy3cYio2l3bCsQ=
github.com/kr/text v0.1.0/go.mod h1:4Jbv+DJW3UT/LiOwJeYQe1efqtUx/iVham/4vfdArNI=
github.com/kr/text v0.2.0 h1:5Nx0Ya0ZqY2ygV366QzturHI13Jq95ApcVaJBhpS+AY=
github.com/kr/text v0.2.0/go.mod h1:eLer722TekiGuMkidMxC/pM04lWEeraHUUmBw8l2grE=
github.com/lucasb-eyer/go-colorful v1.2.0 h1:1nnpGOrhyZZuNyfu1QjKiUICQ74+3FNCN69Aj6K7nkY=
github.com/lucasb-eyer/go-colorful v1.2.0/go.mod h1:R4dSotOR9KMtayYi1e77YzuveK+i7ruzyGqttikkLy0=
github.com/mattn/go-colorable v0.1.13 h1:fFA4WZxdEF4tXPZVKMLwD8oUnCTTo08duU7wxecdEvA=
github.com/mattn/go-colorable v0.1.13/go.mod h1:7S9/ev0klgBDR4GtXTXX8a3vIGJpMovkB8vQcUbaXHg=
github.com/mattn/go-isatty v0.0.16/go.mod h1:kYGgaQfpe5nmfYZH+SKPsOc2e4SrIfOl2e/yFXSvRLM=
github.com/mattn/go-isatty v0.0.20 h1:xfD0iDuEKnDkl03q4limB+vH+GxLEtL/jb4xVJSWWEY=
github.com/mattn/go-isatty v0.0.20/go.mod h1:W+V8PltTTMOvKvAeJH7IuucS94S2C6jfK/D7dTCTo3Y=
github.com/mattn/go-runewidth v0.0.15 h1:UNAjwbU9l54TA3KzvqLGxwWjHmMgBUVhBiTjelZgg3U=
github.com/mattn/go-runewidth v0.0.15/go.mod h1:Jdepj2loyihRzMpdS35Xk/zdY8IAYHsh153qUoGf23w=
github.com/mattn/go-runewidth v0.0.16 h1:E5ScNMtiwvlvB5paMFdw9p4kSQzbXFikJ5SQO6TULQc=
github.com/mattn/go-runewidth v0.0.16/go.mod h1:Jdepj2loyihRzMpdS35Xk/zdY8IAYHsh153qUoGf23w=
github.com/mattn/go-sqlite3 v1.14.22 h1:2gZY6PC6kBnID23Tichd1K+Z0oS6nE/XwU+Vz/5o4kU=
github.com/mattn/go-sqlite3 v1.14.22/go.mod h1:Uh1q+B4BYcTPb+yiD3kU8Ct7aC0hY9fxUwlHK0RXw+Y=
github.com/mattn/go-sqlite3 v1.14.23 h1:gbShiuAP1W5j9UOksQ06aiiqPMxYecovVGwmTxWtuw0=
github.com/mattn/go-sqlite3 v1.14.23/go.mod h1:Uh1q+B4BYcTPb+yiD3kU8Ct7aC0hY9fxUwlHK0RXw+Y=
github.com/mattn/go-sqlite3 v1.14.24 h1:tpSp2G2KyMnnQu99ngJ47EIkWVmliIizyZBfPrBWDRM=
github.com/mattn/go-sqlite3 v1.14.24/go.mod h1:Uh1q+B4BYcTPb+yiD3kU8Ct7aC0hY9fxUwlHK0RXw+Y=
github.com/mitchellh/go-homedir v1.1.0 h1:lukF9ziXFxDFPkA1vsr5zpc1XuPDn/wFntq5mG+4E0Y=
github.com/mitchellh/go-homedir v1.1.0/go.mod h1:SfyaCUpYCn1Vlf4IUYiD9fPX4A5wJrkLzIz1N1q0pr0=
github.com/modocache/gover v0.0.0-20171022184752-b58185e213c5/go.mod h1:caMODM3PzxT8aQXRPkAt8xlV/e7d7w8GM5g0fa5F0D8=
github.com/onsi/gomega v1.27.10 h1:naR28SdDFlqrG6kScpT8VWpu1xWY5nJRCF3XaYyBjhI=
github.com/onsi/gomega v1.27.10/go.mod h1:RsS8tutOdbdgzbPtzzATp12yT7kM5I5aElG3evPbQ0M=
github.com/pjbgf/sha1cd v0.3.0 h1:4D5XXmUUBUl/xQ6IjCkEAbqXskkq/4O7LmGn0AqMDs4=
github.com/pjbgf/sha1cd v0.3.0/go.mod h1:nZ1rrWOcGJ5uZgEEVL1VUM9iRQiZvWdbZjkKyFzPPsI=
github.com/pjbgf/sha1cd v0.3.2 h1:a9wb0bp1oC2TGwStyn0Umc/IGKQnEgF0vVaZ8QF8eo4=
github.com/pjbgf/sha1cd v0.3.2/go.mod h1:zQWigSxVmsHEZow5qaLtPYxpcKMMQpa09ixqBxuCS6A=
github.com/pkg/browser v0.0.0-20180916011732-0a3d74bf9ce4/go.mod h1:4OwLy04Bl9Ef3GJJCoec+30X3LQs/0/m4HFRt/2LUSA=
github.com/pkg/errors v0.9.1 h1:FEBLx1zS214owpjy7qsBeixbURkuhQAwrK5UwLGTwt4=
github.com/pkg/errors v0.9.1/go.mod h1:bwawxfHBFNV+L2hUp1rHADufV3IMtnDRdf1r5NINEl0=
github.com/pmezard/go-difflib v1.0.0 h1:4DBwDE0NGyQoBHbLQYPwSUPoCMWR5BEzIk/f1lZbAQM=
github.com/pmezard/go-difflib v1.0.0/go.mod h1:iKH77koFhYxTK1pcRnkKkqfTogsbg7gZNVY4sRDYZ/4=
github.com/qri-io/jsonpointer v0.1.1 h1:prVZBZLL6TW5vsSB9fFHFAMBLI4b0ri5vribQlTJiBA=
github.com/qri-io/jsonpointer v0.1.1/go.mod h1:DnJPaYgiKu56EuDp8TU5wFLdZIcAnb/uH9v37ZaMV64=
github.com/qri-io/jsonschema v0.2.1 h1:NNFoKms+kut6ABPf6xiKNM5214jzxAhDBrPHCJ97Wg0=
github.com/qri-io/jsonschema v0.2.1/go.mod h1:g7DPkiOsK1xv6T/Ao5scXRkd+yTFygcANPBaaqW+VrI=
github.com/rivo/tview v0.0.0-20240818110301-fd649dbf1223 h1:N+DggyldbUDqFlk0b8JeRjB9zGpmQ8wiKpq+VBbzRso=
github.com/rivo/tview v0.0.0-20240818110301-fd649dbf1223/go.mod h1:02iFIz7K/A9jGCvrizLPvoqr4cEIx7q54RH5Qudkrss=
github.com/rivo/tview v0.0.0-20240921122403-a64fc48d7654 h1:oa+fljZiaJUVyiT7WgIM3OhirtwBm0LJA97LvWUlBu8=
github.com/rivo/tview v0.0.0-20240921122403-a64fc48d7654/go.mod h1:02iFIz7K/A9jGCvrizLPvoqr4cEIx7q54RH5Qudkrss=
github.com/rivo/tview v0.0.0-20241016194538-c5e4fb24af13 h1:SG5LUOAzLU9svb9HTLJI2WnLHQDEe86fXWJ4h2fQg0s=
github.com/rivo/tview v0.0.0-20241016194538-c5e4fb24af13/go.mod h1:02iFIz7K/A9jGCvrizLPvoqr4cEIx7q54RH5Qudkrss=
github.com/rivo/tview v0.0.0-20241030223020-e34b54cd4c27 h1:jXLPO4iCqeAJkP5nNu5q1Iax0RBcOz8slK9Rm31eY40=
github.com/rivo/tview v0.0.0-20241030223020-e34b54cd4c27/go.mod h1:02iFIz7K/A9jGCvrizLPvoqr4cEIx7q54RH5Qudkrss=
github.com/rivo/tview v0.0.0-20241103174730-c76f7879f592 h1:YIJ+B1hePP6AgynC5TcqpO0H9k3SSoZa2BGyL6vDUzM=
github.com/rivo/tview v0.0.0-20241103174730-c76f7879f592/go.mod h1:02iFIz7K/A9jGCvrizLPvoqr4cEIx7q54RH5Qudkrss=
github.com/rivo/tview v0.0.0-20241227133733-17b7edb88c57 h1:LmsF7Fk5jyEDhJk0fYIqdWNuTxSyid2W42A0L2YWjGE=
github.com/rivo/tview v0.0.0-20241227133733-17b7edb88c57/go.mod h1:02iFIz7K/A9jGCvrizLPvoqr4cEIx7q54RH5Qudkrss=
github.com/rivo/uniseg v0.2.0/go.mod h1:J6wj4VEh+S6ZtnVlnTBMWIodfgj8LQOQFoIToxlJtxc=
github.com/rivo/uniseg v0.4.3/go.mod h1:FN3SvrM+Zdj16jyLfmOkMNblXMcoc8DfTHruCPUcx88=
github.com/rivo/uniseg v0.4.7 h1:WUdvkW8uEhrYfLC4ZzdpI2ztxP1I582+49Oc5Mq64VQ=
github.com/rivo/uniseg v0.4.7/go.mod h1:FN3SvrM+Zdj16jyLfmOkMNblXMcoc8DfTHruCPUcx88=
github.com/rogpeppe/go-internal v1.11.0 h1:cWPaGQEPrBb5/AsnsZesgZZ9yb1OQ+GOISoDNXVBh4M=
github.com/rogpeppe/go-internal v1.11.0/go.mod h1:ddIwULY96R17DhadqLgMfk9H9tvdUzkipdSkR5nkCZA=
github.com/sergi/go-diff v1.0.0/go.mod h1:0CfEIISq7TuYL3j771MWULgwwjU+GofnZX9QAmXWZgo=
github.com/sergi/go-diff v1.3.2-0.20230802210424-5b0b94c5c0d3 h1:n661drycOFuPLCN3Uc8sB6B/s6Z4t2xvBgU1htSHuq8=
github.com/sergi/go-diff v1.3.2-0.20230802210424-5b0b94c5c0d3/go.mod h1:A0bzQcvG0E7Rwjx0REVgAGH58e96+X0MeOfepqsbeW4=
github.com/sirupsen/logrus v1.7.0/go.mod h1:yWOB1SBYBC5VeMP7gHvWumXLIWorT60ONWic61uBYv0=
github.com/skeema/knownhosts v1.3.0 h1:AM+y0rI04VksttfwjkSTNQorvGqmwATnvnAHpSgc0LY=
github.com/skeema/knownhosts v1.3.0/go.mod h1:sPINvnADmT/qYH1kfv+ePMmOBTH6Tbl7b5LvTDjFK7M=
github.com/skeema/knownhosts v1.3.1 h1:X2osQ+RAjK76shCbvhHHHVl3ZlgDm8apHEHFqRjnBY8=
github.com/skeema/knownhosts v1.3.1/go.mod h1:r7KTdC8l4uxWRyK2TpQZ/1o5HaSzh06ePQNxPwTcfiY=
github.com/sneat-co/sneat-go-core v0.31.5 h1:PYaxtHBq5EH4rN0aLvyRPTo/R/tXAw4laM58eJGWdjM=
github.com/sneat-co/sneat-go-core v0.31.5/go.mod h1:xm5VjTfIJ7jqzlclcn1Boaz3tcxRaVfiMpnhky1fReE=
github.com/sneat-co/sneat-go-core v0.31.6 h1:1yr3FpAgxZM3X/L//CQCp9mNqd6fhIVQxYvIOcFgwpg=
github.com/sneat-co/sneat-go-core v0.31.6/go.mod h1:gJrCnfgjMPRuA/dpSet001ALMkFjIZDOSY4Q6RZlhy8=
github.com/sneat-co/sneat-go-core v0.32.1 h1:MjgWui+LrqmyuGCRAWVwNM7dyKdl/SAV1KJvrws7TR4=
github.com/sneat-co/sneat-go-core v0.32.1/go.mod h1:gJrCnfgjMPRuA/dpSet001ALMkFjIZDOSY4Q6RZlhy8=
github.com/sneat-co/sneat-go-core v0.32.2 h1:Di0o7t0cAVkDUhIARM6Rd3BjoxSfx32kV4JWfresCPU=
github.com/sneat-co/sneat-go-core v0.32.2/go.mod h1:8P7zpkJs2lsn2m3Rkb28cPVLnWfvZM9kpyuP424JxNw=
github.com/sneat-co/sneat-go-core v0.32.3 h1:c9+s2CRXvnAEyEdeNLiwsRjR+Za5/bTx+Ta+ZeNi9tQ=
github.com/sneat-co/sneat-go-core v0.32.3/go.mod h1:8P7zpkJs2lsn2m3Rkb28cPVLnWfvZM9kpyuP424JxNw=
github.com/sneat-co/sneat-go-core v0.32.6 h1:PO2Dd5aydenfvs3zfw58pPH790nEmdO8mlym1spdqh4=
github.com/sneat-co/sneat-go-core v0.32.6/go.mod h1:ZupEJFTLx6Ip7BWN55TXZ9t7vU3jW9p6AttGJGh4MrY=
github.com/sneat-co/sneat-go-core v0.33.0 h1:DkexQUvVP59h/AEFURm4z5wFb87wZ3/EkxL1wnjtNew=
github.com/sneat-co/sneat-go-core v0.33.0/go.mod h1:zpq849+ViZZ9gVAvR2BrSuci7eOLD2vsc2GYdvZLGGU=
github.com/sneat-co/sneat-go-core v0.33.2 h1:31u6oKWq0K323jYsceVfYkrDGveBCgIRWz8dfKqjYwg=
github.com/sneat-co/sneat-go-core v0.33.2/go.mod h1:Ayvef49xcXqO4cLrWbCeq81YuidBW45X5rQQU6Z4w3w=
github.com/sneat-co/sneat-go-core v0.34.1 h1:OA+Pt+jeRODC0vw9S9NVn5w5ZoNp0KQzZnQ6fMR9vgc=
github.com/sneat-co/sneat-go-core v0.34.1/go.mod h1:tRztZ7VfQZHNHTskHvsWHmYNnc4O16Y0hAa8tKQ2pp8=
github.com/sneat-co/sneat-go-core v0.34.2 h1:l9aPQ734s+W1GANL/umUZSc9/sqdM6dDKiJilM/pruc=
github.com/sneat-co/sneat-go-core v0.34.2/go.mod h1:8LvIcKKvfKqSnz3gVNW+YH4W6ycJ/H/7Nc+2vmgbwo4=
github.com/sneat-co/sneat-go-core v0.37.0 h1:mMRIIdAcAArvoB+3wfiWkoUibgFde8TxVUbzWADqVJ8=
github.com/sneat-co/sneat-go-core v0.37.0/go.mod h1:Pb1XxUSvrJzWxvEsKxZpZLey6pM63rbVrrorKJBws78=
github.com/sneat-co/sneat-go-core v0.37.1 h1:2jtBpP1x4/Q3KjPobbACmiXbjykYs+zGakd06sdjU3U=
github.com/sneat-co/sneat-go-core v0.37.1/go.mod h1:bc53byrXRGzIEueAVVEmwhNMiS4uwBe/Uh4pESB1ABI=
github.com/sneat-co/sneat-go-core v0.37.2 h1:U+oCjqMlyzh8J++ytN/q6gSIYvgmJhMJGg2AR6Qmwek=
github.com/sneat-co/sneat-go-core v0.37.2/go.mod h1:DfF3OeaHDpDL+R77jIzzoKpixA0dOibAC+RlH/VOS8Y=
github.com/sneat-co/sneat-go-core v0.37.3 h1:4q4vL9ityDND75bTDlVVtaxErjHLezzRleK+CMkHEwY=
github.com/sneat-co/sneat-go-core v0.37.3/go.mod h1:CRVpf0NgtUzA9B/8jBokgiwwx9r4XplU5Q/kN3HayO4=
github.com/sneat-co/sneat-go-core v0.37.4 h1:DihMq1MtBUQ23gvO21dNmWzYVo/ygoNxXGbtF3ed7Tw=
github.com/sneat-co/sneat-go-core v0.37.4/go.mod h1:e3fJ3mVQv9jBnn3+rUR5vc1TNLbsWMmRDhCOcbl9Yts=
github.com/sneat-co/sneat-go-core v0.41.0 h1:bD0hkbh6aRWDptHEdHgCi0XOpf1j4Y9CY0I6edSheo4=
github.com/sneat-co/sneat-go-core v0.41.0/go.mod h1:e3fJ3mVQv9jBnn3+rUR5vc1TNLbsWMmRDhCOcbl9Yts=
github.com/sneat-co/sneat-go-core v0.41.1 h1:h1+/nKB2fN/O529+7cpmGz/YPDzVPCHBDr3jYrsxgUI=
github.com/sneat-co/sneat-go-core v0.41.1/go.mod h1:pDLlPtg0h12jk04+61nkFKuaqDlNHXqjX4lBZF0B4/g=
github.com/sneat-co/sneat-go-core v0.42.0 h1:Nku8RWyAPu24xoKlIyPPgZyQ5KlgvcNST79imyoRDks=
github.com/sneat-co/sneat-go-core v0.42.0/go.mod h1:pDLlPtg0h12jk04+61nkFKuaqDlNHXqjX4lBZF0B4/g=
github.com/sneat-co/sneat-go-core v0.45.0 h1:oozl/4C1iBLlSJj5yaDFU8M3uoTR+utRiuhAv9nenaQ=
github.com/sneat-co/sneat-go-core v0.45.0/go.mod h1:pDLlPtg0h12jk04+61nkFKuaqDlNHXqjX4lBZF0B4/g=
github.com/sneat-co/sneat-go-core v0.45.1 h1:I1JiYbxwiMhZZXXO4HyGyfScIMQ0iDEC3jWZ8MvMLfo=
github.com/sneat-co/sneat-go-core v0.45.1/go.mod h1:hwbgUSd4u4gTzy2SpYLKptiQRxD8Wo4QhpjCC9iS9F0=
github.com/sneat-co/sneat-go-core v0.45.5 h1:iil0JHEct7FzGmGhLWJhdZfooLWI18MmPGRSu9IpwXY=
github.com/sneat-co/sneat-go-core v0.45.5/go.mod h1:7rXfMblhPwQP85Oorj0IFPMtyXUdpGP34a/E6Gjy6fc=
github.com/sneat-co/sneat-go-core v0.45.6 h1:7hkVn6q8APO/3jPBDWQHEZtN7E8M1VXBFVe0Va4asCQ=
github.com/sneat-co/sneat-go-core v0.45.6/go.mod h1:7rXfMblhPwQP85Oorj0IFPMtyXUdpGP34a/E6Gjy6fc=
github.com/sneat-co/sneat-go-core v0.45.7 h1:OgrDU2EQOMnzx2XvGdcNm6ebRBpdBGkQxS0pze4JdEg=
github.com/sneat-co/sneat-go-core v0.45.7/go.mod h1:iXc66lNdppQ59P88T3x97hMdfRdebSiVbBLQQAAhfcI=
github.com/sneat-co/sneat-go-core v0.46.0 h1:i5mbz8w58gbH69MNqW24X+vzwwinjOjJS0udXfizYiE=
github.com/sneat-co/sneat-go-core v0.46.0/go.mod h1:iXc66lNdppQ59P88T3x97hMdfRdebSiVbBLQQAAhfcI=
github.com/sneat-co/sneat-go-core v0.47.1 h1:XVo4ZCaaq8+kp3DVeQq6p1HmfXx6g92s4Q/Nj8UGyLE=
github.com/sneat-co/sneat-go-core v0.47.1/go.mod h1:rcL7EHsJtLqHQvdUvID4FTxlQurIXoW3tsdBQqJJv0o=
github.com/sneat-co/sneat-go-core v0.47.3 h1:8I4WN1oIe3LAa+/PatDgnFJsyQJ8od/ZcNp9Ar6YDIs=
github.com/sneat-co/sneat-go-core v0.47.3/go.mod h1:GyJfF3iih154kPWw/wVEo05UXFnUBY4U3gtHirpNoF8=
github.com/sneat-co/sneat-go-core v0.47.4 h1:RiIpkVxiigz1BZHSTn4zlWaSZsYX/LW48yVD/0p9dtk=
github.com/sneat-co/sneat-go-core v0.47.4/go.mod h1:fV2FZseHW6KSrm3zCUQGL0I5pcb+45t5xZtQW+nuAWQ=
github.com/stretchr/objx v0.1.0/go.mod h1:HFkY916IF+rwdDfMAkV7OtwuqBVzrE8GR6GFx+wExME=
github.com/stretchr/testify v1.2.2/go.mod h1:a8OnRcib4nhh0OaRAV+Yts87kKdq0PP7pXfy6kDkUVs=
github.com/stretchr/testify v1.3.0/go.mod h1:M5WIy9Dh21IEIfnGCwXGc5bZfKNJtfHm1UVUgZn+9EI=
github.com/stretchr/testify v1.4.0/go.mod h1:j7eGeouHqKxXV5pUuKE4zz7dFj8WfuZ+81PSLYec5m4=
github.com/stretchr/testify v1.7.0/go.mod h1:6Fq8oRcR53rry900zMqJjRRixrwX3KX962/h/Wwjteg=
github.com/stretchr/testify v1.9.0 h1:HtqpIVDClZ4nwg75+f6Lvsy/wHu+3BoSGCbBAcpTsTg=
github.com/stretchr/testify v1.9.0/go.mod h1:r2ic/lqez/lEtzL7wO/rwa5dbSLXVDPFyf8C91i36aY=
github.com/stretchr/testify v1.10.0 h1:Xv5erBjTwe/5IxqUQTdXv5kgmIvbHo3QQyRwhJsOfJA=
github.com/stretchr/testify v1.10.0/go.mod h1:r2ic/lqez/lEtzL7wO/rwa5dbSLXVDPFyf8C91i36aY=
github.com/strongo/decimal v0.1.1 h1:k7HY/0NmG6Ne5YPV7XybII+AT7O4AShl6HZpLiNZsb4=
github.com/strongo/decimal v0.1.1/go.mod h1:uKFgetJbR2uT026stdbK54ELXTH9h0vZOPPOp7DAODk=
github.com/strongo/logus v0.2.0 h1:IbLupLW9WMIwjefJF+u9/Ajlaw6ysFuEeKQxOFX5tOE=
github.com/strongo/logus v0.2.0/go.mod h1:sd8gjJklqGQAg+Q0mlP5MWgzguAuxR25YYFSkfVOPdc=
github.com/strongo/logus v0.2.1 h1:ZzAtdSg6PPF1Y43WbNWl7MH1XYl7kvKMxyxv/lpbadI=
github.com/strongo/logus v0.2.1/go.mod h1:sd8gjJklqGQAg+Q0mlP5MWgzguAuxR25YYFSkfVOPdc=
github.com/strongo/random v0.0.1 h1:OZHJBb/3uEa7OX8L2Dv2pLnSeewRmXMyTACoeto6O8I=
github.com/strongo/random v0.0.1/go.mod h1:/pSI+SjBNLBkjljNtVdYr6ERddA+LqSa87o0/s+9iuU=
github.com/strongo/slice v0.2.0 h1:HpoBqFuE/kqQLgQf6S4r8rvO8hmeplk1WD9u7Z30V68=
github.com/strongo/slice v0.2.0/go.mod h1:5OL1zbsT5e93IihjLNag5epqjti5d24bGyOqWMgtX/o=
github.com/strongo/slice v0.3.0 h1:ucuI4z0nrZst6kXSTs3GhC7nbXiwyn09EiXQ+9AldrU=
github.com/strongo/slice v0.3.0/go.mod h1:5OL1zbsT5e93IihjLNag5epqjti5d24bGyOqWMgtX/o=
github.com/strongo/slice v0.3.1 h1:VWkyYBgcVJn6Hs7wYhL9Vxwgb7V3zQAUFTBV9wo5lc4=
github.com/strongo/slice v0.3.1/go.mod h1:B5ODKCkl0rp2oiG0UBqkN1cCOrSCU2cUuhqCM1sC8r4=
github.com/strongo/strongoapp v0.20.0 h1:ZsFhNIiILtqRq+8yyBmIrHIKIXEzqhfXLoRfDHwzIUI=
github.com/strongo/strongoapp v0.20.0/go.mod h1:MsSKFcoGftA9NC/Gv0Y/+RqcVVo1cL0txBpTtBgml1I=
github.com/strongo/strongoapp v0.20.1 h1:rD2/jgKnJWKcEsVwLSnYfYxB9cBNOWZ8V1mPzQNzZtQ=
github.com/strongo/strongoapp v0.20.1/go.mod h1:jAnidGqYzHqhfZ6RRA6tdI+FSAnEK+xJldIfwSFG9EA=
github.com/strongo/strongoapp v0.21.1 h1:7fR/lOTGuMrf8z/NHYtJwVWQkFTnrstHyo2VuLA6d44=
github.com/strongo/strongoapp v0.21.1/go.mod h1:jAnidGqYzHqhfZ6RRA6tdI+FSAnEK+xJldIfwSFG9EA=
github.com/strongo/strongoapp v0.22.0 h1:nUcZB4L7Q6oSY0XArwoIWeFxFdY1z9VMvy7bh80XSZk=
github.com/strongo/strongoapp v0.22.0/go.mod h1:jAnidGqYzHqhfZ6RRA6tdI+FSAnEK+xJldIfwSFG9EA=
github.com/strongo/strongoapp v0.24.3 h1:+5pXWoaeD81BnjIHOYqpdGbK6syeEDV7RTCnBi+ywLI=
github.com/strongo/strongoapp v0.24.3/go.mod h1:lmqjpbP+aTKJLN0R+M+jwpe6Kf8+t1X30cyc6GlGoW4=
github.com/strongo/strongoapp v0.25.0 h1:KJyDaD14PIs55S4hw15QrIMbHBPkAor9ezgpOxKRaiE=
github.com/strongo/strongoapp v0.25.0/go.mod h1:in5y6+4D6BWSrlZHNIEeY6HX8iWWJwVUjYNYr8FgGJk=
github.com/strongo/strongoapp v0.25.1 h1:YIcfp32bBPLOnn9d/cY6zEPQcdj2Eaz0YhV6gRAPPz4=
github.com/strongo/strongoapp v0.25.1/go.mod h1:g9mNHyUZMKHFB9Il4lG+EMCzZFWle/kcVOayfcMHROU=
github.com/strongo/strongoapp v0.25.2 h1:a6VUj/05eaJ8hWxdHsGRPncz5Ezq+w3cQgNmwqR0R9E=
github.com/strongo/strongoapp v0.25.2/go.mod h1:DVwHFNNiC88gnW8iy3ggRrnAnI4oVTYyIdLeXPSNuLs=
github.com/strongo/strongoapp v0.25.3 h1:d43WZy0jPvDZtjT5NX5FIFYnAdppVsbbNqbOkJdd4bY=
github.com/strongo/strongoapp v0.25.3/go.mod h1:70xzRnEbJX8jm5wqqzFTtVxTbLvB0D4jNEYjQnGweOI=
github.com/strongo/strongoapp v0.25.4 h1:AD9GrtuHXS4A6Hvv3yjPdSnOwxMt7gopMvukt/egFPk=
github.com/strongo/strongoapp v0.25.4/go.mod h1:0ZHjfOhfg1za8ouzLoMoID7Qn3fg5IMDdjDt69xUAYI=
github.com/strongo/strongoapp v0.25.5 h1:MOb3JYiyZX0g+AswccUGYW7J/tO1b9oPWa+UZj+5+x4=
github.com/strongo/strongoapp v0.25.5/go.mod h1:jCdLBw1iXnG0mMu9RxET2lIfriBO4Q1qdNEbX8sAAkE=
github.com/strongo/strongoapp v0.25.8 h1:H1LszWEGJjeD6tYkXwDYOaLIrc8TLOepsdKxiNPb4hs=
github.com/strongo/strongoapp v0.25.8/go.mod h1:jCdLBw1iXnG0mMu9RxET2lIfriBO4Q1qdNEbX8sAAkE=
github.com/strongo/strongoapp v0.26.1 h1:epeqRbW2ynTY0F+3eATO/1XYlhKLyXaHCElvi+5PJIs=
github.com/strongo/strongoapp v0.26.1/go.mod h1:N7kE2B74xwn0F7FWMwpy6piD+E9iVG6cSV/o1L/8Cfk=
github.com/strongo/strongoapp v0.26.2 h1:ynxBIYrL1sl+56fNxjgkfQht5rm/ioxe06UQpzSSCcg=
github.com/strongo/strongoapp v0.26.2/go.mod h1:YFiVxiy78/RQK7ScicbNl6QejWnh8rmDCXbg6qmlqrU=
github.com/strongo/strongoapp v0.26.3 h1:57MnSiqZPXkllQTTSnSJzZGiFgaAlWw01aQBsoUXCJQ=
github.com/strongo/strongoapp v0.26.3/go.mod h1:tXScXwuO0aywBKrFc/50ychTQAbbZgDJSWnNnk+h/bo=
github.com/strongo/strongoapp v0.26.5 h1:7+ZY7Tm54dB+eQfYLXac+vT+BGq+sfyounGVPrl+vx4=
github.com/strongo/strongoapp v0.26.5/go.mod h1:tXScXwuO0aywBKrFc/50ychTQAbbZgDJSWnNnk+h/bo=
github.com/strongo/strongoapp v0.26.6 h1:NuanIYlDVS/1yho4BqrkbfHtHG1aDYhhKAodL1zGNC8=
github.com/strongo/strongoapp v0.26.6/go.mod h1:tXScXwuO0aywBKrFc/50ychTQAbbZgDJSWnNnk+h/bo=
github.com/strongo/validation v0.0.6 h1:RskXD45ILagVW3jmuKUiq7WshE4kmoQEiUbgfigqHzw=
github.com/strongo/validation v0.0.6/go.mod h1:V4Nu8b8CPsLNwYLKmMHN2ghkoabOpiOW8NNcUczuCWE=
github.com/strongo/validation v0.0.7 h1:gs6YkwPsYtVsepQaQOB+ZF+T0Gu5+nk4ZMND8F85e+U=
github.com/strongo/validation v0.0.7/go.mod h1:YUwoPEItLJd/Bc9X1OCUm03ofhvm3kwZvuihU7/jz58=
github.com/xanzy/ssh-agent v0.3.3 h1:+/15pJfg/RsTxqYcX6fHqOXZwwMP+2VyYWJeWM2qQFM=
github.com/xanzy/ssh-agent v0.3.3/go.mod h1:6dzNDKs0J9rVPHPhaGCukekBHKqfl+L3KghI1Bc68Uw=
github.com/yuin/goldmark v1.4.13/go.mod h1:6yULJ656Px+3vBD8DxQVa3kxgyrAnzto9xy5taEt/CY=
golang.org/x/crypto v0.0.0-20190308221718-c2843e01d9a2/go.mod h1:djNgcEr1/C05ACkg1iLfiJU5Ep61QUkGW8qpdssI0+w=
golang.org/x/crypto v0.0.0-20201016220609-9e8e0b390897/go.mod h1:LzIPMQfyMNhhGPhUkYOs5KpL4U8rLKemX1yGLhDgUto=
golang.org/x/crypto v0.0.0-20210921155107-089bfa567519/go.mod h1:GvvjBRRGRdwPK5ydBHafDWAxML/pGHZbMvKqRZ5+Abc=
golang.org/x/crypto v0.0.0-20220622213112-05595931fe9d/go.mod h1:IxCIyHEi3zRg3s0A5j5BB6A9Jmi73HwBIUl50j+osU4=
golang.org/x/crypto v0.3.1-0.20221117191849-2c476679df9a/go.mod h1:hebNnKkNXi2UzZN1eVRvBB7co0a+JxK6XbPiWVs/3J4=
golang.org/x/crypto v0.7.0/go.mod h1:pYwdfH91IfpZVANVyUOhSIPZaFoJGxTFbZhFTx+dXZU=
golang.org/x/crypto v0.13.0/go.mod h1:y6Z2r+Rw4iayiXXAIxJIDAJ1zMW4yaTpebo8fPOliYc=
golang.org/x/crypto v0.19.0/go.mod h1:Iy9bg/ha4yyC70EfRS8jz+B6ybOBKMaSxLj6P6oBDfU=
golang.org/x/crypto v0.23.0/go.mod h1:CKFgDieR+mRhux2Lsu27y0fO304Db0wZe70UKqHu0v8=
golang.org/x/crypto v0.24.0 h1:mnl8DM0o513X8fdIkmyFE/5hTYxbwYOjDS/+rK6qpRI=
golang.org/x/crypto v0.24.0/go.mod h1:Z1PMYSOR5nyMcyAVAIQSKCDwalqy85Aqn1x3Ws4L5DM=
golang.org/x/crypto v0.31.0 h1:ihbySMvVjLAeSH1IbfcRTkD/iNscyz8rGzjF/E5hV6U=
golang.org/x/crypto v0.31.0/go.mod h1:kDsLvtWBEx7MV9tJOj9bnXsPbxwJQ6csT/x4KIN4Ssk=
golang.org/x/crypto v0.32.0 h1:euUpcYgM8WcP71gNpTqQCn6rC2t6ULUPiOzfWaXVVfc=
golang.org/x/crypto v0.32.0/go.mod h1:ZnnJkOaASj8g0AjIduWNlq2NRxL0PlBrbKVyZ6V/Ugc=
golang.org/x/crypto v0.35.0 h1:b15kiHdrGCHrP6LvwaQ3c03kgNhhiMgvlhxHQhmg2Xs=
golang.org/x/crypto v0.35.0/go.mod h1:dy7dXNW32cAb/6/PRuTNsix8T+vJAqvuIy5Bli/x0YQ=
golang.org/x/mod v0.6.0-dev.0.20220419223038-86c51ed26bb4/go.mod h1:jJ57K6gSWd91VN4djpZkiMVwK6gcyfeH4XE8wZrZaV4=
golang.org/x/mod v0.8.0/go.mod h1:iBbtSCu2XBx23ZKBPSOrRkjjQPZFPuis4dIYUhu/chs=
golang.org/x/mod v0.12.0/go.mod h1:iBbtSCu2XBx23ZKBPSOrRkjjQPZFPuis4dIYUhu/chs=
golang.org/x/mod v0.15.0/go.mod h1:hTbmBsO62+eylJbnUtE2MGJUyE7QWk4xUqPFrRgJ+7c=
golang.org/x/mod v0.17.0/go.mod h1:hTbmBsO62+eylJbnUtE2MGJUyE7QWk4xUqPFrRgJ+7c=
golang.org/x/net v0.0.0-20190404232315-eb5bcb51f2a3/go.mod h1:t9HGtf8HONx5eT2rtn7q6eTqICYqUVnKs3thJo3Qplg=
golang.org/x/net v0.0.0-20190620200207-3b0461eec859/go.mod h1:z5CRVTTTmAJ677TzLLGU+0bjPO0LkuOLi4/5GtJWs/s=
golang.org/x/net v0.0.0-20210226172049-e18ecbb05110/go.mod h1:m0MpNAwzfU5UDzcl9v0D8zg8gWTRqZa9RBIspLL5mdg=
golang.org/x/net v0.0.0-20210610132358-84b48f89b13b/go.mod h1:9nx3DQGgdP8bBQD5qxJ1jj9UTztislL4KSBs9R2vV5Y=
golang.org/x/net v0.0.0-20211112202133-69e39bad7dc2/go.mod h1:9nx3DQGgdP8bBQD5qxJ1jj9UTztislL4KSBs9R2vV5Y=
golang.org/x/net v0.0.0-20220722155237-a158d28d115b/go.mod h1:XRhObCWvk6IyKnWLug+ECip1KBveYUHfp+8e9klMJ9c=
golang.org/x/net v0.2.0/go.mod h1:KqCZLdyyvdV855qA2rE3GC2aiw5xGR5TEjj8smXukLY=
golang.org/x/net v0.6.0/go.mod h1:2Tu9+aMcznHK/AK1HMvgo6xiTLG5rD5rZLDS+rp2Bjs=
golang.org/x/net v0.8.0/go.mod h1:QVkue5JL9kW//ek3r6jTKnTFis1tRmNAW2P1shuFdJc=
golang.org/x/net v0.10.0/go.mod h1:0qNGK6F8kojg2nk9dLZ2mShWaEBan6FAoqfSigmmuDg=
golang.org/x/net v0.15.0/go.mod h1:idbUs1IY1+zTqbi8yxTbhexhEEk5ur9LInksu6HrEpk=
golang.org/x/net v0.21.0/go.mod h1:bIjVDfnllIU7BJ2DNgfnXvpSvtn8VRwhlsaeUTyUS44=
golang.org/x/net v0.24.0 h1:1PcaxkF854Fu3+lvBIx5SYn9wRlBzzcnHZSiaFFAb0w=
golang.org/x/net v0.24.0/go.mod h1:2Q7sJY5mzlzWjKtYUEXSlBWCdyaioyXzRB2RtU8KVE8=
golang.org/x/net v0.25.0/go.mod h1:JkAGAh7GEvH74S6FOH42FLoXpXbE/aqXSrIQjXgsiwM=
golang.org/x/net v0.33.0 h1:74SYHlV8BIgHIFC/LrYkOGIwL19eTYXQ5wc6TBuO36I=
golang.org/x/net v0.33.0/go.mod h1:HXLR5J+9DxmrqMwG9qjGCxZ+zKXxBru04zlTvWlWuN4=
golang.org/x/net v0.34.0 h1:Mb7Mrk043xzHgnRM88suvJFwzVrRfHEHJEl5/71CKw0=
golang.org/x/net v0.34.0/go.mod h1:di0qlW3YNM5oh6GqDGQr92MyTozJPmybPK4Ev/Gm31k=
golang.org/x/net v0.35.0 h1:T5GQRQb2y08kTAByq9L4/bz8cipCdA8FbRTXewonqY8=
golang.org/x/net v0.35.0/go.mod h1:EglIi67kWsHKlRzzVMUD93VMSWGFOMSZgxFjparz1Qk=
golang.org/x/sync v0.0.0-20190423024810-112230192c58/go.mod h1:RxMgew5VJxzue5/jJTE5uejpjVlOe/izrB70Jof72aM=
golang.org/x/sync v0.0.0-20220722155255-886fb9371eb4/go.mod h1:RxMgew5VJxzue5/jJTE5uejpjVlOe/izrB70Jof72aM=
golang.org/x/sync v0.1.0/go.mod h1:RxMgew5VJxzue5/jJTE5uejpjVlOe/izrB70Jof72aM=
golang.org/x/sync v0.3.0/go.mod h1:FU7BRWz2tNW+3quACPkgCx/L+uEAv1htQ0V83Z9Rj+Y=
golang.org/x/sync v0.6.0/go.mod h1:Czt+wKu1gCyEFDUtn0jG5QVvpJ6rzVqr5aXyt9drQfk=
golang.org/x/sync v0.7.0/go.mod h1:Czt+wKu1gCyEFDUtn0jG5QVvpJ6rzVqr5aXyt9drQfk=
golang.org/x/sync v0.10.0/go.mod h1:Czt+wKu1gCyEFDUtn0jG5QVvpJ6rzVqr5aXyt9drQfk=
golang.org/x/sys v0.0.0-20190215142949-d0b11bdaac8a/go.mod h1:STP8DvDyc/dI5b8T5hshtkjS+E42TnysNCUPdjciGhY=
golang.org/x/sys v0.0.0-20190412213103-97732733099d/go.mod h1:h1NjWce9XRLGQEsW7wpKNCjG9DtNlClVuFLEZdDNbEs=
golang.org/x/sys v0.0.0-20191026070338-33540a1f6037/go.mod h1:h1NjWce9XRLGQEsW7wpKNCjG9DtNlClVuFLEZdDNbEs=
golang.org/x/sys v0.0.0-20201119102817-f84b799fce68/go.mod h1:h1NjWce9XRLGQEsW7wpKNCjG9DtNlClVuFLEZdDNbEs=
golang.org/x/sys v0.0.0-20210124154548-22da62e12c0c/go.mod h1:h1NjWce9XRLGQEsW7wpKNCjG9DtNlClVuFLEZdDNbEs=
golang.org/x/sys v0.0.0-20210423082822-04245dca01da/go.mod h1:h1NjWce9XRLGQEsW7wpKNCjG9DtNlClVuFLEZdDNbEs=
golang.org/x/sys v0.0.0-20210615035016-665e8c7367d1/go.mod h1:oPkhp1MJrh7nUepCBck5+mAzfO9JrbApNNgaTdGDITg=
golang.org/x/sys v0.0.0-20220520151302-bc2c85ada10a/go.mod h1:oPkhp1MJrh7nUepCBck5+mAzfO9JrbApNNgaTdGDITg=
golang.org/x/sys v0.0.0-20220715151400-c0bba94af5f8/go.mod h1:oPkhp1MJrh7nUepCBck5+mAzfO9JrbApNNgaTdGDITg=
golang.org/x/sys v0.0.0-20220722155257-8c9f86f7a55f/go.mod h1:oPkhp1MJrh7nUepCBck5+mAzfO9JrbApNNgaTdGDITg=
golang.org/x/sys v0.0.0-20220811171246-fbc7d0a398ab/go.mod h1:oPkhp1MJrh7nUepCBck5+mAzfO9JrbApNNgaTdGDITg=
golang.org/x/sys v0.2.0/go.mod h1:oPkhp1MJrh7nUepCBck5+mAzfO9JrbApNNgaTdGDITg=
golang.org/x/sys v0.3.0/go.mod h1:oPkhp1MJrh7nUepCBck5+mAzfO9JrbApNNgaTdGDITg=
golang.org/x/sys v0.5.0/go.mod h1:oPkhp1MJrh7nUepCBck5+mAzfO9JrbApNNgaTdGDITg=
golang.org/x/sys v0.6.0/go.mod h1:oPkhp1MJrh7nUepCBck5+mAzfO9JrbApNNgaTdGDITg=
golang.org/x/sys v0.8.0/go.mod h1:oPkhp1MJrh7nUepCBck5+mAzfO9JrbApNNgaTdGDITg=
golang.org/x/sys v0.12.0/go.mod h1:oPkhp1MJrh7nUepCBck5+mAzfO9JrbApNNgaTdGDITg=
golang.org/x/sys v0.17.0/go.mod h1:/VUhepiaJMQUp4+oa/7Zr1D23ma6VTLIYjOOTFZPUcA=
golang.org/x/sys v0.20.0/go.mod h1:/VUhepiaJMQUp4+oa/7Zr1D23ma6VTLIYjOOTFZPUcA=
golang.org/x/sys v0.21.0 h1:rF+pYz3DAGSQAxAu1CbC7catZg4ebC4UIeIhKxBZvws=
golang.org/x/sys v0.21.0/go.mod h1:/VUhepiaJMQUp4+oa/7Zr1D23ma6VTLIYjOOTFZPUcA=
golang.org/x/sys v0.28.0 h1:Fksou7UEQUWlKvIdsqzJmUmCX3cZuD2+P3XyyzwMhlA=
golang.org/x/sys v0.28.0/go.mod h1:/VUhepiaJMQUp4+oa/7Zr1D23ma6VTLIYjOOTFZPUcA=
golang.org/x/sys v0.29.0 h1:TPYlXGxvx1MGTn2GiZDhnjPA9wZzZeGKHHmKhHYvgaU=
golang.org/x/sys v0.29.0/go.mod h1:/VUhepiaJMQUp4+oa/7Zr1D23ma6VTLIYjOOTFZPUcA=
golang.org/x/sys v0.30.0 h1:QjkSwP/36a20jFYWkSue1YwXzLmsV5Gfq7Eiy72C1uc=
golang.org/x/sys v0.30.0/go.mod h1:/VUhepiaJMQUp4+oa/7Zr1D23ma6VTLIYjOOTFZPUcA=
golang.org/x/telemetry v0.0.0-20240228155512-f48c80bd79b2/go.mod h1:TeRTkGYfJXctD9OcfyVLyj2J3IxLnKwHJR8f4D8a3YE=
golang.org/x/term v0.0.0-20201126162022-7de9c90e9dd1/go.mod h1:bj7SfCRtBDWHUb9snDiAeCFNEtKQo2Wmx5Cou7ajbmo=
golang.org/x/term v0.0.0-20210927222741-03fcf44c2211/go.mod h1:jbD1KX2456YbFQfuXm/mYQcufACuNUgVhRMnK/tPxf8=
golang.org/x/term v0.2.0/go.mod h1:TVmDHMZPmdnySmBfhjOoOdhjzdE1h4u1VwSiw2l1Nuc=
golang.org/x/term v0.5.0/go.mod h1:jMB1sMXY+tzblOD4FWmEbocvup2/aLOaQEp7JmGp78k=
golang.org/x/term v0.6.0/go.mod h1:m6U89DPEgQRMq3DNkDClhWw02AUbt2daBVO4cn4Hv9U=
golang.org/x/term v0.8.0/go.mod h1:xPskH00ivmX89bAKVGSKKtLOWNx2+17Eiy94tnKShWo=
golang.org/x/term v0.12.0/go.mod h1:owVbMEjm3cBLCHdkQu9b1opXd4ETQWc3BhuQGKgXgvU=
golang.org/x/term v0.17.0/go.mod h1:lLRBjIVuehSbZlaOtGMbcMncT+aqLLLmKrsjNrUguwk=
golang.org/x/term v0.20.0/go.mod h1:8UkIAJTvZgivsXaD6/pH6U9ecQzZ45awqEOzuCvwpFY=
golang.org/x/term v0.21.0 h1:WVXCp+/EBEHOj53Rvu+7KiT/iElMrO8ACK16SMZ3jaA=
golang.org/x/term v0.21.0/go.mod h1:ooXLefLobQVslOqselCNF4SxFAaoS6KujMbsGzSDmX0=
golang.org/x/term v0.27.0 h1:WP60Sv1nlK1T6SupCHbXzSaN0b9wUmsPoRS9b61A23Q=
golang.org/x/term v0.27.0/go.mod h1:iMsnZpn0cago0GOrHO2+Y7u7JPn5AylBrcoWkElMTSM=
golang.org/x/term v0.28.0 h1:/Ts8HFuMR2E6IP/jlo7QVLZHggjKQbhu/7H0LJFr3Gg=
golang.org/x/term v0.28.0/go.mod h1:Sw/lC2IAUZ92udQNf3WodGtn4k/XoLyZoh8v/8uiwek=
golang.org/x/term v0.29.0 h1:L6pJp37ocefwRRtYPKSWOWzOtWSxVajvz2ldH/xi3iU=
golang.org/x/term v0.29.0/go.mod h1:6bl4lRlvVuDgSf3179VpIxBF0o10JUpXWOnI7nErv7s=
golang.org/x/text v0.3.0/go.mod h1:NqM8EUOU14njkJ3fqMW+pc6Ldnwhi/IjpwHt7yyuwOQ=
golang.org/x/text v0.3.3/go.mod h1:5Zoc/QRtKVWzQhOtBMvqHzDpF6irO9z98xDceosuGiQ=
golang.org/x/text v0.3.6/go.mod h1:5Zoc/QRtKVWzQhOtBMvqHzDpF6irO9z98xDceosuGiQ=
golang.org/x/text v0.3.7/go.mod h1:u+2+/6zg+i71rQMx5EYifcz6MCKuco9NR6JIITiCfzQ=
golang.org/x/text v0.4.0/go.mod h1:mrYo+phRRbMaCq/xk9113O4dZlRixOauAjOtrjsXDZ8=
golang.org/x/text v0.7.0/go.mod h1:mrYo+phRRbMaCq/xk9113O4dZlRixOauAjOtrjsXDZ8=
golang.org/x/text v0.8.0/go.mod h1:e1OnstbJyHTd6l/uOt8jFFHp6TRDWZR/bV3emEE/zU8=
golang.org/x/text v0.9.0/go.mod h1:e1OnstbJyHTd6l/uOt8jFFHp6TRDWZR/bV3emEE/zU8=
golang.org/x/text v0.13.0/go.mod h1:TvPlkZtksWOMsz7fbANvkp4WM8x/WCo/om8BMLbz+aE=
golang.org/x/text v0.14.0/go.mod h1:18ZOQIKpY8NJVqYksKHtTdi31H5itFRjB5/qKTNYzSU=
golang.org/x/text v0.15.0/go.mod h1:18ZOQIKpY8NJVqYksKHtTdi31H5itFRjB5/qKTNYzSU=
golang.org/x/text v0.16.0 h1:a94ExnEXNtEwYLGJSIUxnWoxoRz/ZcCsV63ROupILh4=
golang.org/x/text v0.16.0/go.mod h1:GhwF1Be+LQoKShO3cGOHzqOgRrGaYc9AvblQOmPVHnI=
golang.org/x/text v0.21.0 h1:zyQAAkrwaneQ066sspRyJaG9VNi/YJ1NfzcGB3hZ/qo=
golang.org/x/text v0.21.0/go.mod h1:4IBbMaMmOPCJ8SecivzSH54+73PCFmPWxNTLm+vZkEQ=
golang.org/x/text v0.22.0 h1:bofq7m3/HAFvbF51jz3Q9wLg3jkvSPuiZu/pD1XwgtM=
golang.org/x/text v0.22.0/go.mod h1:YRoo4H8PVmsu+E3Ou7cqLVH8oXWIHVoX0jqUWALQhfY=
golang.org/x/tools v0.0.0-20180917221912-90fa682c2a6e/go.mod h1:n7NCudcB/nEzxVGmLbDWY5pfWTLqBcC2KZ6jyYvM4mQ=
golang.org/x/tools v0.0.0-20191119224855-298f0cb1881e/go.mod h1:b+2E5dAYhXwXZwtnZ6UAqBI28+e2cm9otk0dWdXHAEo=
golang.org/x/tools v0.1.12/go.mod h1:hNGJHUnrk76NpqgfD5Aqm5Crs+Hm0VOH/i9J2+nxYbc=
golang.org/x/tools v0.6.0/go.mod h1:Xwgl3UAJ/d3gWutnCtw505GrjyAbvKui8lOU390QaIU=
golang.org/x/tools v0.13.0/go.mod h1:HvlwmtVNQAhOuCjW7xxvovg8wbNq7LwfXh/k7wXUl58=
golang.org/x/tools v0.21.1-0.20240508182429-e35e4ccd0d2d/go.mod h1:aiJjzUbINMkxbQROHiO6hDPo2LHcIPhhQsa9DLh0yGk=
golang.org/x/xerrors v0.0.0-20190717185122-a985d3407aa7/go.mod h1:I/5z698sn9Ka8TeJc9MKroUUfqBBauWjQqLJ2OPfmY0=
gopkg.in/check.v1 v0.0.0-20161208181325-20d25e280405/go.mod h1:Co6ibVJAznAaIkqp8huTwlJQCZ016jof/cbN4VW5Yz0=
gopkg.in/check.v1 v1.0.0-20190902080502-41f04d3bba15/go.mod h1:Co6ibVJAznAaIkqp8huTwlJQCZ016jof/cbN4VW5Yz0=
gopkg.in/check.v1 v1.0.0-20201130134442-10cb98267c6c h1:Hei/4ADfdWqJk1ZMxUNpqntNwaWcugrBjAiHlqqRiVk=
gopkg.in/check.v1 v1.0.0-20201130134442-10cb98267c6c/go.mod h1:JHkPIbrfpd72SG/EVd6muEfDQjcINNoR0C8j2r3qZ4Q=
gopkg.in/warnings.v0 v0.1.2 h1:wFXVbFY8DY5/xOe1ECiWdKCzZlxgshcYVNkBHstARME=
gopkg.in/warnings.v0 v0.1.2/go.mod h1:jksf8JmL6Qr/oQM2OXTHunEvvTAsrWBLb6OOjuVWRNI=
gopkg.in/yaml.v2 v2.2.2/go.mod h1:hI93XBmqTisBFMUTm0b8Fm+jr3Dg1NNxqwp+5A1VGuI=
gopkg.in/yaml.v2 v2.2.8/go.mod h1:hI93XBmqTisBFMUTm0b8Fm+jr3Dg1NNxqwp+5A1VGuI=
gopkg.in/yaml.v2 v2.4.0/go.mod h1:RDklbk79AGWmwhnvt/jBztapEOGDOx6ZbXqjP6csGnQ=
gopkg.in/yaml.v3 v3.0.0-20200313102051-9f266ea9e77c/go.mod h1:K4uyk7z7BCEPqu6E+C64Yfv1cQ7kz7rIZviUmN+EgEM=
gopkg.in/yaml.v3 v3.0.0-20210107192922-496545a6307b/go.mod h1:K4uyk7z7BCEPqu6E+C64Yfv1cQ7kz7rIZviUmN+EgEM=
gopkg.in/yaml.v3 v3.0.1 h1:fxVm/GzAzEWqLHuvctI91KS9hhNmmWOoWu0XTYJS7CA=
gopkg.in/yaml.v3 v3.0.1/go.mod h1:K4uyk7z7BCEPqu6E+C64Yfv1cQ7kz7rIZviUmN+EgEM=
